// !$*UTF8*$!
{
	archiveVersion = 1;
	classes = {
	};
	objectVersion = 54;
	objects = {

/* Begin PBXBuildFile section */
		BF0A658D244F2A3B00280FA6 /* RepositoryDetailViewController.swift in Sources */ = {isa = PBXBuildFile; fileRef = BF0A658C244F2A3B00280FA6 /* RepositoryDetailViewController.swift */; };
		BFD945DF244DC5E80012785A /* AppDelegate.swift in Sources */ = {isa = PBXBuildFile; fileRef = BFD945DE244DC5E80012785A /* AppDelegate.swift */; };
		BFD945E1244DC5E80012785A /* SceneDelegate.swift in Sources */ = {isa = PBXBuildFile; fileRef = BFD945E0244DC5E80012785A /* SceneDelegate.swift */; };
		BFD945E3244DC5E80012785A /* SearchRepositoryTableViewController.swift in Sources */ = {isa = PBXBuildFile; fileRef = BFD945E2244DC5E80012785A /* SearchRepositoryTableViewController.swift */; };
		BFD945E8244DC5EB0012785A /* Assets.xcassets in Resources */ = {isa = PBXBuildFile; fileRef = BFD945E7244DC5EB0012785A /* Assets.xcassets */; };
		BFD945EB244DC5EB0012785A /* LaunchScreen.storyboard in Resources */ = {isa = PBXBuildFile; fileRef = BFD945E9244DC5EB0012785A /* LaunchScreen.storyboard */; };
		BFD945F6244DC5EB0012785A /* iOSEngineerCodeCheckTests.swift in Sources */ = {isa = PBXBuildFile; fileRef = BFD945F5244DC5EB0012785A /* iOSEngineerCodeCheckTests.swift */; };
		BFD94601244DC5EC0012785A /* iOSEngineerCodeCheckUITests.swift in Sources */ = {isa = PBXBuildFile; fileRef = BFD94600244DC5EC0012785A /* iOSEngineerCodeCheckUITests.swift */; };
		E114793828EA8E2E00AE3B20 /* ColorAssets.xcassets in Resources */ = {isa = PBXBuildFile; fileRef = E114793728EA8E2E00AE3B20 /* ColorAssets.xcassets */; };
		E145865528E6D5F700D1ED0E /* RepositoryDetailViewController.storyboard in Resources */ = {isa = PBXBuildFile; fileRef = E145865428E6D5F700D1ED0E /* RepositoryDetailViewController.storyboard */; };
		E1C852F328E6905A00F8B15F /* SearchRepositoryModel.swift in Sources */ = {isa = PBXBuildFile; fileRef = E1C852F228E6905A00F8B15F /* SearchRepositoryModel.swift */; };
		E1C852F528E6969800F8B15F /* SearchRepositoryPresenter.swift in Sources */ = {isa = PBXBuildFile; fileRef = E1C852F428E6969800F8B15F /* SearchRepositoryPresenter.swift */; };
		E1C852F728E6C94F00F8B15F /* SearchRepositoryTableViewController.storyboard in Resources */ = {isa = PBXBuildFile; fileRef = E1C852F628E6C94F00F8B15F /* SearchRepositoryTableViewController.storyboard */; };
		E1D3AAB728E5526F00A51E3F /* SearchRepository.swift in Sources */ = {isa = PBXBuildFile; fileRef = E1D3AAB628E5526F00A51E3F /* SearchRepository.swift */; };
		E1E8D8A928E87F1B000E5E98 /* iOSEngineerCodeCheckAppClipsApp.swift in Sources */ = {isa = PBXBuildFile; fileRef = E1E8D8A828E87F1B000E5E98 /* iOSEngineerCodeCheckAppClipsApp.swift */; };
		E1E8D8AB28E87F1B000E5E98 /* ContentView.swift in Sources */ = {isa = PBXBuildFile; fileRef = E1E8D8AA28E87F1B000E5E98 /* ContentView.swift */; };
		E1E8D8AD28E87F1C000E5E98 /* Assets.xcassets in Resources */ = {isa = PBXBuildFile; fileRef = E1E8D8AC28E87F1C000E5E98 /* Assets.xcassets */; };
		E1E8D8B028E87F1C000E5E98 /* Preview Assets.xcassets in Resources */ = {isa = PBXBuildFile; fileRef = E1E8D8AF28E87F1C000E5E98 /* Preview Assets.xcassets */; };
		E1E8D8BC28E87F1C000E5E98 /* iOSEngineerCodeCheckAppClipsTests.swift in Sources */ = {isa = PBXBuildFile; fileRef = E1E8D8BB28E87F1C000E5E98 /* iOSEngineerCodeCheckAppClipsTests.swift */; };
		E1E8D8C628E87F1D000E5E98 /* iOSEngineerCodeCheckAppClipsUITests.swift in Sources */ = {isa = PBXBuildFile; fileRef = E1E8D8C528E87F1D000E5E98 /* iOSEngineerCodeCheckAppClipsUITests.swift */; };
		E1E8D8C828E87F1D000E5E98 /* iOSEngineerCodeCheckAppClipsUITestsLaunchTests.swift in Sources */ = {isa = PBXBuildFile; fileRef = E1E8D8C728E87F1D000E5E98 /* iOSEngineerCodeCheckAppClipsUITestsLaunchTests.swift */; };
		E1E8D8CB28E87F1D000E5E98 /* iOSEngineerCodeCheckAppClips.app in Embed App Clips */ = {isa = PBXBuildFile; fileRef = E1E8D8A628E87F1A000E5E98 /* iOSEngineerCodeCheckAppClips.app */; settings = {ATTRIBUTES = (RemoveHeadersOnCopy, ); }; };
		E1E8D8D828E95CB8000E5E98 /* Rswift in Frameworks */ = {isa = PBXBuildFile; productRef = E1E8D8D728E95CB8000E5E98 /* Rswift */; };
		E1E8D8E328E97152000E5E98 /* R.generated.swift in Sources */ = {isa = PBXBuildFile; fileRef = E1E8D8E228E97152000E5E98 /* R.generated.swift */; };
		E1E8D8E628E991C9000E5E98 /* SearchRepositoryTableViewCell.swift in Sources */ = {isa = PBXBuildFile; fileRef = E1E8D8E528E991C9000E5E98 /* SearchRepositoryTableViewCell.swift */; };
		E1E8D8E828E992C2000E5E98 /* SearchRepositoryTableViewCell.xib in Resources */ = {isa = PBXBuildFile; fileRef = E1E8D8E728E992C2000E5E98 /* SearchRepositoryTableViewCell.xib */; };
/* End PBXBuildFile section */

/* Begin PBXContainerItemProxy section */
		BFD945F2244DC5EB0012785A /* PBXContainerItemProxy */ = {
			isa = PBXContainerItemProxy;
			containerPortal = BFD945D3244DC5E80012785A /* Project object */;
			proxyType = 1;
			remoteGlobalIDString = BFD945DA244DC5E80012785A;
			remoteInfo = iOSEngineerCodeCheck;
		};
		BFD945FD244DC5EB0012785A /* PBXContainerItemProxy */ = {
			isa = PBXContainerItemProxy;
			containerPortal = BFD945D3244DC5E80012785A /* Project object */;
			proxyType = 1;
			remoteGlobalIDString = BFD945DA244DC5E80012785A;
			remoteInfo = iOSEngineerCodeCheck;
		};
		E1E8D8B828E87F1C000E5E98 /* PBXContainerItemProxy */ = {
			isa = PBXContainerItemProxy;
			containerPortal = BFD945D3244DC5E80012785A /* Project object */;
			proxyType = 1;
			remoteGlobalIDString = E1E8D8A528E87F1A000E5E98;
			remoteInfo = iOSEngineerCodeCheckAppClips;
		};
		E1E8D8C228E87F1C000E5E98 /* PBXContainerItemProxy */ = {
			isa = PBXContainerItemProxy;
			containerPortal = BFD945D3244DC5E80012785A /* Project object */;
			proxyType = 1;
			remoteGlobalIDString = E1E8D8A528E87F1A000E5E98;
			remoteInfo = iOSEngineerCodeCheckAppClips;
		};
		E1E8D8C928E87F1D000E5E98 /* PBXContainerItemProxy */ = {
			isa = PBXContainerItemProxy;
			containerPortal = BFD945D3244DC5E80012785A /* Project object */;
			proxyType = 1;
			remoteGlobalIDString = E1E8D8A528E87F1A000E5E98;
			remoteInfo = iOSEngineerCodeCheckAppClips;
		};
/* End PBXContainerItemProxy section */

/* Begin PBXCopyFilesBuildPhase section */
		E1E8D8CC28E87F1D000E5E98 /* Embed App Clips */ = {
			isa = PBXCopyFilesBuildPhase;
			buildActionMask = 2147483647;
			dstPath = "$(CONTENTS_FOLDER_PATH)/AppClips";
			dstSubfolderSpec = 16;
			files = (
				E1E8D8CB28E87F1D000E5E98 /* iOSEngineerCodeCheckAppClips.app in Embed App Clips */,
			);
			name = "Embed App Clips";
			runOnlyForDeploymentPostprocessing = 0;
		};
/* End PBXCopyFilesBuildPhase section */

/* Begin PBXFileReference section */
		BF0A658C244F2A3B00280FA6 /* RepositoryDetailViewController.swift */ = {isa = PBXFileReference; lastKnownFileType = sourcecode.swift; path = RepositoryDetailViewController.swift; sourceTree = "<group>"; };
		BFD945DB244DC5E80012785A /* iOSEngineerCodeCheck.app */ = {isa = PBXFileReference; explicitFileType = wrapper.application; includeInIndex = 0; path = iOSEngineerCodeCheck.app; sourceTree = BUILT_PRODUCTS_DIR; };
		BFD945DE244DC5E80012785A /* AppDelegate.swift */ = {isa = PBXFileReference; lastKnownFileType = sourcecode.swift; path = AppDelegate.swift; sourceTree = "<group>"; };
		BFD945E0244DC5E80012785A /* SceneDelegate.swift */ = {isa = PBXFileReference; lastKnownFileType = sourcecode.swift; path = SceneDelegate.swift; sourceTree = "<group>"; };
		BFD945E2244DC5E80012785A /* SearchRepositoryTableViewController.swift */ = {isa = PBXFileReference; lastKnownFileType = sourcecode.swift; path = SearchRepositoryTableViewController.swift; sourceTree = "<group>"; };
		BFD945E7244DC5EB0012785A /* Assets.xcassets */ = {isa = PBXFileReference; lastKnownFileType = folder.assetcatalog; path = Assets.xcassets; sourceTree = "<group>"; };
		BFD945EA244DC5EB0012785A /* Base */ = {isa = PBXFileReference; lastKnownFileType = file.storyboard; name = Base; path = Base.lproj/LaunchScreen.storyboard; sourceTree = "<group>"; };
		BFD945EC244DC5EB0012785A /* Info.plist */ = {isa = PBXFileReference; lastKnownFileType = text.plist.xml; path = Info.plist; sourceTree = "<group>"; };
		BFD945F1244DC5EB0012785A /* iOSEngineerCodeCheckTests.xctest */ = {isa = PBXFileReference; explicitFileType = wrapper.cfbundle; includeInIndex = 0; path = iOSEngineerCodeCheckTests.xctest; sourceTree = BUILT_PRODUCTS_DIR; };
		BFD945F5244DC5EB0012785A /* iOSEngineerCodeCheckTests.swift */ = {isa = PBXFileReference; lastKnownFileType = sourcecode.swift; path = iOSEngineerCodeCheckTests.swift; sourceTree = "<group>"; };
		BFD945F7244DC5EB0012785A /* Info.plist */ = {isa = PBXFileReference; lastKnownFileType = text.plist.xml; path = Info.plist; sourceTree = "<group>"; };
		BFD945FC244DC5EB0012785A /* iOSEngineerCodeCheckUITests.xctest */ = {isa = PBXFileReference; explicitFileType = wrapper.cfbundle; includeInIndex = 0; path = iOSEngineerCodeCheckUITests.xctest; sourceTree = BUILT_PRODUCTS_DIR; };
		BFD94600244DC5EC0012785A /* iOSEngineerCodeCheckUITests.swift */ = {isa = PBXFileReference; lastKnownFileType = sourcecode.swift; path = iOSEngineerCodeCheckUITests.swift; sourceTree = "<group>"; };
		BFD94602244DC5EC0012785A /* Info.plist */ = {isa = PBXFileReference; lastKnownFileType = text.plist.xml; path = Info.plist; sourceTree = "<group>"; };
		E114793728EA8E2E00AE3B20 /* ColorAssets.xcassets */ = {isa = PBXFileReference; lastKnownFileType = folder.assetcatalog; path = ColorAssets.xcassets; sourceTree = "<group>"; };
		E145865428E6D5F700D1ED0E /* RepositoryDetailViewController.storyboard */ = {isa = PBXFileReference; lastKnownFileType = file.storyboard; path = RepositoryDetailViewController.storyboard; sourceTree = "<group>"; };
		E1C852F228E6905A00F8B15F /* SearchRepositoryModel.swift */ = {isa = PBXFileReference; lastKnownFileType = sourcecode.swift; path = SearchRepositoryModel.swift; sourceTree = "<group>"; };
		E1C852F428E6969800F8B15F /* SearchRepositoryPresenter.swift */ = {isa = PBXFileReference; lastKnownFileType = sourcecode.swift; path = SearchRepositoryPresenter.swift; sourceTree = "<group>"; };
		E1C852F628E6C94F00F8B15F /* SearchRepositoryTableViewController.storyboard */ = {isa = PBXFileReference; lastKnownFileType = file.storyboard; path = SearchRepositoryTableViewController.storyboard; sourceTree = "<group>"; };
		E1D3AAB628E5526F00A51E3F /* SearchRepository.swift */ = {isa = PBXFileReference; lastKnownFileType = sourcecode.swift; path = SearchRepository.swift; sourceTree = "<group>"; };
		E1E8D8A628E87F1A000E5E98 /* iOSEngineerCodeCheckAppClips.app */ = {isa = PBXFileReference; explicitFileType = wrapper.application; includeInIndex = 0; path = iOSEngineerCodeCheckAppClips.app; sourceTree = BUILT_PRODUCTS_DIR; };
		E1E8D8A828E87F1B000E5E98 /* iOSEngineerCodeCheckAppClipsApp.swift */ = {isa = PBXFileReference; lastKnownFileType = sourcecode.swift; path = iOSEngineerCodeCheckAppClipsApp.swift; sourceTree = "<group>"; };
		E1E8D8AA28E87F1B000E5E98 /* ContentView.swift */ = {isa = PBXFileReference; lastKnownFileType = sourcecode.swift; path = ContentView.swift; sourceTree = "<group>"; };
		E1E8D8AC28E87F1C000E5E98 /* Assets.xcassets */ = {isa = PBXFileReference; lastKnownFileType = folder.assetcatalog; path = Assets.xcassets; sourceTree = "<group>"; };
		E1E8D8AF28E87F1C000E5E98 /* Preview Assets.xcassets */ = {isa = PBXFileReference; lastKnownFileType = folder.assetcatalog; path = "Preview Assets.xcassets"; sourceTree = "<group>"; };
		E1E8D8B128E87F1C000E5E98 /* Info.plist */ = {isa = PBXFileReference; lastKnownFileType = text.plist.xml; path = Info.plist; sourceTree = "<group>"; };
		E1E8D8B228E87F1C000E5E98 /* iOSEngineerCodeCheckAppClips.entitlements */ = {isa = PBXFileReference; lastKnownFileType = text.plist.entitlements; path = iOSEngineerCodeCheckAppClips.entitlements; sourceTree = "<group>"; };
		E1E8D8B728E87F1C000E5E98 /* iOSEngineerCodeCheckAppClipsTests.xctest */ = {isa = PBXFileReference; explicitFileType = wrapper.cfbundle; includeInIndex = 0; path = iOSEngineerCodeCheckAppClipsTests.xctest; sourceTree = BUILT_PRODUCTS_DIR; };
		E1E8D8BB28E87F1C000E5E98 /* iOSEngineerCodeCheckAppClipsTests.swift */ = {isa = PBXFileReference; lastKnownFileType = sourcecode.swift; path = iOSEngineerCodeCheckAppClipsTests.swift; sourceTree = "<group>"; };
		E1E8D8C128E87F1C000E5E98 /* iOSEngineerCodeCheckAppClipsUITests.xctest */ = {isa = PBXFileReference; explicitFileType = wrapper.cfbundle; includeInIndex = 0; path = iOSEngineerCodeCheckAppClipsUITests.xctest; sourceTree = BUILT_PRODUCTS_DIR; };
		E1E8D8C528E87F1D000E5E98 /* iOSEngineerCodeCheckAppClipsUITests.swift */ = {isa = PBXFileReference; lastKnownFileType = sourcecode.swift; path = iOSEngineerCodeCheckAppClipsUITests.swift; sourceTree = "<group>"; };
		E1E8D8C728E87F1D000E5E98 /* iOSEngineerCodeCheckAppClipsUITestsLaunchTests.swift */ = {isa = PBXFileReference; lastKnownFileType = sourcecode.swift; path = iOSEngineerCodeCheckAppClipsUITestsLaunchTests.swift; sourceTree = "<group>"; };
		E1E8D8E228E97152000E5E98 /* R.generated.swift */ = {isa = PBXFileReference; fileEncoding = 4; lastKnownFileType = sourcecode.swift; name = R.generated.swift; path = generated/R.generated.swift; sourceTree = SOURCE_ROOT; };
		E1E8D8E528E991C9000E5E98 /* SearchRepositoryTableViewCell.swift */ = {isa = PBXFileReference; lastKnownFileType = sourcecode.swift; path = SearchRepositoryTableViewCell.swift; sourceTree = "<group>"; };
		E1E8D8E728E992C2000E5E98 /* SearchRepositoryTableViewCell.xib */ = {isa = PBXFileReference; lastKnownFileType = file.xib; path = SearchRepositoryTableViewCell.xib; sourceTree = "<group>"; };
/* End PBXFileReference section */

/* Begin PBXFrameworksBuildPhase section */
		BFD945D8244DC5E80012785A /* Frameworks */ = {
			isa = PBXFrameworksBuildPhase;
			buildActionMask = 2147483647;
			files = (
				E1E8D8D828E95CB8000E5E98 /* Rswift in Frameworks */,
			);
			runOnlyForDeploymentPostprocessing = 0;
		};
		BFD945EE244DC5EB0012785A /* Frameworks */ = {
			isa = PBXFrameworksBuildPhase;
			buildActionMask = 2147483647;
			files = (
			);
			runOnlyForDeploymentPostprocessing = 0;
		};
		BFD945F9244DC5EB0012785A /* Frameworks */ = {
			isa = PBXFrameworksBuildPhase;
			buildActionMask = 2147483647;
			files = (
			);
			runOnlyForDeploymentPostprocessing = 0;
		};
		E1E8D8A328E87F1A000E5E98 /* Frameworks */ = {
			isa = PBXFrameworksBuildPhase;
			buildActionMask = 2147483647;
			files = (
			);
			runOnlyForDeploymentPostprocessing = 0;
		};
		E1E8D8B428E87F1C000E5E98 /* Frameworks */ = {
			isa = PBXFrameworksBuildPhase;
			buildActionMask = 2147483647;
			files = (
			);
			runOnlyForDeploymentPostprocessing = 0;
		};
		E1E8D8BE28E87F1C000E5E98 /* Frameworks */ = {
			isa = PBXFrameworksBuildPhase;
			buildActionMask = 2147483647;
			files = (
			);
			runOnlyForDeploymentPostprocessing = 0;
		};
/* End PBXFrameworksBuildPhase section */

/* Begin PBXGroup section */
		BFD945D2244DC5E80012785A = {
			isa = PBXGroup;
			children = (
				BFD945DD244DC5E80012785A /* iOSEngineerCodeCheck */,
				BFD945F4244DC5EB0012785A /* iOSEngineerCodeCheckTests */,
				BFD945FF244DC5EB0012785A /* iOSEngineerCodeCheckUITests */,
				E1E8D8A728E87F1B000E5E98 /* iOSEngineerCodeCheckAppClips */,
				E1E8D8BA28E87F1C000E5E98 /* iOSEngineerCodeCheckAppClipsTests */,
				E1E8D8C428E87F1D000E5E98 /* iOSEngineerCodeCheckAppClipsUITests */,
				BFD945DC244DC5E80012785A /* Products */,
			);
			sourceTree = "<group>";
		};
		BFD945DC244DC5E80012785A /* Products */ = {
			isa = PBXGroup;
			children = (
				BFD945DB244DC5E80012785A /* iOSEngineerCodeCheck.app */,
				BFD945F1244DC5EB0012785A /* iOSEngineerCodeCheckTests.xctest */,
				BFD945FC244DC5EB0012785A /* iOSEngineerCodeCheckUITests.xctest */,
				E1E8D8A628E87F1A000E5E98 /* iOSEngineerCodeCheckAppClips.app */,
				E1E8D8B728E87F1C000E5E98 /* iOSEngineerCodeCheckAppClipsTests.xctest */,
				E1E8D8C128E87F1C000E5E98 /* iOSEngineerCodeCheckAppClipsUITests.xctest */,
			);
			name = Products;
			sourceTree = "<group>";
		};
		BFD945DD244DC5E80012785A /* iOSEngineerCodeCheck */ = {
			isa = PBXGroup;
			children = (
				E1D3AAB528E5517200A51E3F /* Entity */,
				E1C852F028E5B65800F8B15F /* SearchRepository */,
				E1C852F128E5B68900F8B15F /* RepositoryDetail */,
				BFD945DE244DC5E80012785A /* AppDelegate.swift */,
				BFD945E0244DC5E80012785A /* SceneDelegate.swift */,
				E1E8D8E228E97152000E5E98 /* R.generated.swift */,
				BFD945E9244DC5EB0012785A /* LaunchScreen.storyboard */,
				BFD945E7244DC5EB0012785A /* Assets.xcassets */,
				E114793728EA8E2E00AE3B20 /* ColorAssets.xcassets */,
				BFD945EC244DC5EB0012785A /* Info.plist */,
			);
			path = iOSEngineerCodeCheck;
			sourceTree = "<group>";
		};
		BFD945F4244DC5EB0012785A /* iOSEngineerCodeCheckTests */ = {
			isa = PBXGroup;
			children = (
				BFD945F5244DC5EB0012785A /* iOSEngineerCodeCheckTests.swift */,
				BFD945F7244DC5EB0012785A /* Info.plist */,
			);
			path = iOSEngineerCodeCheckTests;
			sourceTree = "<group>";
		};
		BFD945FF244DC5EB0012785A /* iOSEngineerCodeCheckUITests */ = {
			isa = PBXGroup;
			children = (
				BFD94600244DC5EC0012785A /* iOSEngineerCodeCheckUITests.swift */,
				BFD94602244DC5EC0012785A /* Info.plist */,
			);
			path = iOSEngineerCodeCheckUITests;
			sourceTree = "<group>";
		};
		E1C852F028E5B65800F8B15F /* SearchRepository */ = {
			isa = PBXGroup;
			children = (
				E1C852F228E6905A00F8B15F /* SearchRepositoryModel.swift */,
				E1C852F428E6969800F8B15F /* SearchRepositoryPresenter.swift */,
				BFD945E2244DC5E80012785A /* SearchRepositoryTableViewController.swift */,
				E1C852F628E6C94F00F8B15F /* SearchRepositoryTableViewController.storyboard */,
				E1E8D8E428E9915D000E5E98 /* Cell */,
			);
			path = SearchRepository;
			sourceTree = "<group>";
		};
		E1C852F128E5B68900F8B15F /* RepositoryDetail */ = {
			isa = PBXGroup;
			children = (
				BF0A658C244F2A3B00280FA6 /* RepositoryDetailViewController.swift */,
				E145865428E6D5F700D1ED0E /* RepositoryDetailViewController.storyboard */,
			);
			path = RepositoryDetail;
			sourceTree = "<group>";
		};
		E1D3AAB528E5517200A51E3F /* Entity */ = {
			isa = PBXGroup;
			children = (
				E1D3AAB628E5526F00A51E3F /* SearchRepository.swift */,
			);
			path = Entity;
			sourceTree = "<group>";
		};
		E1E8D8A728E87F1B000E5E98 /* iOSEngineerCodeCheckAppClips */ = {
			isa = PBXGroup;
			children = (
				E1E8D8A828E87F1B000E5E98 /* iOSEngineerCodeCheckAppClipsApp.swift */,
				E1E8D8AA28E87F1B000E5E98 /* ContentView.swift */,
				E1E8D8AC28E87F1C000E5E98 /* Assets.xcassets */,
				E1E8D8B128E87F1C000E5E98 /* Info.plist */,
				E1E8D8B228E87F1C000E5E98 /* iOSEngineerCodeCheckAppClips.entitlements */,
				E1E8D8AE28E87F1C000E5E98 /* Preview Content */,
			);
			path = iOSEngineerCodeCheckAppClips;
			sourceTree = "<group>";
		};
		E1E8D8AE28E87F1C000E5E98 /* Preview Content */ = {
			isa = PBXGroup;
			children = (
				E1E8D8AF28E87F1C000E5E98 /* Preview Assets.xcassets */,
			);
			path = "Preview Content";
			sourceTree = "<group>";
		};
		E1E8D8BA28E87F1C000E5E98 /* iOSEngineerCodeCheckAppClipsTests */ = {
			isa = PBXGroup;
			children = (
				E1E8D8BB28E87F1C000E5E98 /* iOSEngineerCodeCheckAppClipsTests.swift */,
			);
			path = iOSEngineerCodeCheckAppClipsTests;
			sourceTree = "<group>";
		};
		E1E8D8C428E87F1D000E5E98 /* iOSEngineerCodeCheckAppClipsUITests */ = {
			isa = PBXGroup;
			children = (
				E1E8D8C528E87F1D000E5E98 /* iOSEngineerCodeCheckAppClipsUITests.swift */,
				E1E8D8C728E87F1D000E5E98 /* iOSEngineerCodeCheckAppClipsUITestsLaunchTests.swift */,
			);
			path = iOSEngineerCodeCheckAppClipsUITests;
			sourceTree = "<group>";
		};
		E1E8D8E428E9915D000E5E98 /* Cell */ = {
			isa = PBXGroup;
			children = (
				E1E8D8E528E991C9000E5E98 /* SearchRepositoryTableViewCell.swift */,
				E1E8D8E728E992C2000E5E98 /* SearchRepositoryTableViewCell.xib */,
			);
			path = Cell;
			sourceTree = "<group>";
		};
/* End PBXGroup section */

/* Begin PBXNativeTarget section */
		BFD945DA244DC5E80012785A /* iOSEngineerCodeCheck */ = {
			isa = PBXNativeTarget;
			buildConfigurationList = BFD94605244DC5EC0012785A /* Build configuration list for PBXNativeTarget "iOSEngineerCodeCheck" */;
			buildPhases = (
				E14B704328E46C47008B7318 /* ShellScript */,
				BFD945D7244DC5E80012785A /* Sources */,
				BFD945D8244DC5E80012785A /* Frameworks */,
				BFD945D9244DC5E80012785A /* Resources */,
				E1E8D8CC28E87F1D000E5E98 /* Embed App Clips */,
			);
			buildRules = (
			);
			dependencies = (
				E1E8D8CA28E87F1D000E5E98 /* PBXTargetDependency */,
			);
			name = iOSEngineerCodeCheck;
			packageProductDependencies = (
				E1E8D8D728E95CB8000E5E98 /* Rswift */,
			);
			productName = iOSEngineerCodeCheck;
			productReference = BFD945DB244DC5E80012785A /* iOSEngineerCodeCheck.app */;
			productType = "com.apple.product-type.application";
		};
		BFD945F0244DC5EB0012785A /* iOSEngineerCodeCheckTests */ = {
			isa = PBXNativeTarget;
			buildConfigurationList = BFD94608244DC5EC0012785A /* Build configuration list for PBXNativeTarget "iOSEngineerCodeCheckTests" */;
			buildPhases = (
				BFD945ED244DC5EB0012785A /* Sources */,
				BFD945EE244DC5EB0012785A /* Frameworks */,
				BFD945EF244DC5EB0012785A /* Resources */,
			);
			buildRules = (
			);
			dependencies = (
				BFD945F3244DC5EB0012785A /* PBXTargetDependency */,
			);
			name = iOSEngineerCodeCheckTests;
			productName = iOSEngineerCodeCheckTests;
			productReference = BFD945F1244DC5EB0012785A /* iOSEngineerCodeCheckTests.xctest */;
			productType = "com.apple.product-type.bundle.unit-test";
		};
		BFD945FB244DC5EB0012785A /* iOSEngineerCodeCheckUITests */ = {
			isa = PBXNativeTarget;
			buildConfigurationList = BFD9460B244DC5EC0012785A /* Build configuration list for PBXNativeTarget "iOSEngineerCodeCheckUITests" */;
			buildPhases = (
				BFD945F8244DC5EB0012785A /* Sources */,
				BFD945F9244DC5EB0012785A /* Frameworks */,
				BFD945FA244DC5EB0012785A /* Resources */,
			);
			buildRules = (
			);
			dependencies = (
				BFD945FE244DC5EB0012785A /* PBXTargetDependency */,
			);
			name = iOSEngineerCodeCheckUITests;
			productName = iOSEngineerCodeCheckUITests;
			productReference = BFD945FC244DC5EB0012785A /* iOSEngineerCodeCheckUITests.xctest */;
			productType = "com.apple.product-type.bundle.ui-testing";
		};
		E1E8D8A528E87F1A000E5E98 /* iOSEngineerCodeCheckAppClips */ = {
			isa = PBXNativeTarget;
			buildConfigurationList = E1E8D8D328E87F1D000E5E98 /* Build configuration list for PBXNativeTarget "iOSEngineerCodeCheckAppClips" */;
			buildPhases = (
				E1E8D8A228E87F1A000E5E98 /* Sources */,
				E1E8D8A328E87F1A000E5E98 /* Frameworks */,
				E1E8D8A428E87F1A000E5E98 /* Resources */,
			);
			buildRules = (
			);
			dependencies = (
			);
			name = iOSEngineerCodeCheckAppClips;
			productName = iOSEngineerCodeCheckAppClips;
			productReference = E1E8D8A628E87F1A000E5E98 /* iOSEngineerCodeCheckAppClips.app */;
			productType = "com.apple.product-type.application.on-demand-install-capable";
		};
		E1E8D8B628E87F1C000E5E98 /* iOSEngineerCodeCheckAppClipsTests */ = {
			isa = PBXNativeTarget;
			buildConfigurationList = E1E8D8D428E87F1D000E5E98 /* Build configuration list for PBXNativeTarget "iOSEngineerCodeCheckAppClipsTests" */;
			buildPhases = (
				E1E8D8B328E87F1C000E5E98 /* Sources */,
				E1E8D8B428E87F1C000E5E98 /* Frameworks */,
				E1E8D8B528E87F1C000E5E98 /* Resources */,
			);
			buildRules = (
			);
			dependencies = (
				E1E8D8B928E87F1C000E5E98 /* PBXTargetDependency */,
			);
			name = iOSEngineerCodeCheckAppClipsTests;
			productName = iOSEngineerCodeCheckAppClipsTests;
			productReference = E1E8D8B728E87F1C000E5E98 /* iOSEngineerCodeCheckAppClipsTests.xctest */;
			productType = "com.apple.product-type.bundle.unit-test";
		};
		E1E8D8C028E87F1C000E5E98 /* iOSEngineerCodeCheckAppClipsUITests */ = {
			isa = PBXNativeTarget;
			buildConfigurationList = E1E8D8D528E87F1D000E5E98 /* Build configuration list for PBXNativeTarget "iOSEngineerCodeCheckAppClipsUITests" */;
			buildPhases = (
				E1E8D8BD28E87F1C000E5E98 /* Sources */,
				E1E8D8BE28E87F1C000E5E98 /* Frameworks */,
				E1E8D8BF28E87F1C000E5E98 /* Resources */,
			);
			buildRules = (
			);
			dependencies = (
				E1E8D8C328E87F1C000E5E98 /* PBXTargetDependency */,
			);
			name = iOSEngineerCodeCheckAppClipsUITests;
			productName = iOSEngineerCodeCheckAppClipsUITests;
			productReference = E1E8D8C128E87F1C000E5E98 /* iOSEngineerCodeCheckAppClipsUITests.xctest */;
			productType = "com.apple.product-type.bundle.ui-testing";
		};
/* End PBXNativeTarget section */

/* Begin PBXProject section */
		BFD945D3244DC5E80012785A /* Project object */ = {
			isa = PBXProject;
			attributes = {
				LastSwiftUpdateCheck = 1400;
				LastUpgradeCheck = 1300;
				ORGANIZATIONNAME = "YUMEMI Inc.";
				TargetAttributes = {
					BFD945DA244DC5E80012785A = {
						CreatedOnToolsVersion = 11.4.1;
					};
					BFD945F0244DC5EB0012785A = {
						CreatedOnToolsVersion = 11.4.1;
						TestTargetID = BFD945DA244DC5E80012785A;
					};
					BFD945FB244DC5EB0012785A = {
						CreatedOnToolsVersion = 11.4.1;
						TestTargetID = BFD945DA244DC5E80012785A;
					};
					E1E8D8A528E87F1A000E5E98 = {
						CreatedOnToolsVersion = 14.0.1;
					};
					E1E8D8B628E87F1C000E5E98 = {
						CreatedOnToolsVersion = 14.0.1;
						TestTargetID = E1E8D8A528E87F1A000E5E98;
					};
					E1E8D8C028E87F1C000E5E98 = {
						CreatedOnToolsVersion = 14.0.1;
						TestTargetID = E1E8D8A528E87F1A000E5E98;
					};
				};
			};
			buildConfigurationList = BFD945D6244DC5E80012785A /* Build configuration list for PBXProject "iOSEngineerCodeCheck" */;
			compatibilityVersion = "Xcode 9.3";
			developmentRegion = en;
			hasScannedForEncodings = 0;
			knownRegions = (
				en,
				Base,
			);
			mainGroup = BFD945D2244DC5E80012785A;
			packageReferences = (
				E1E8D8D628E95CB8000E5E98 /* XCRemoteSwiftPackageReference "R.swift" */,
			);
			productRefGroup = BFD945DC244DC5E80012785A /* Products */;
			projectDirPath = "";
			projectRoot = "";
			targets = (
				BFD945DA244DC5E80012785A /* iOSEngineerCodeCheck */,
				BFD945F0244DC5EB0012785A /* iOSEngineerCodeCheckTests */,
				BFD945FB244DC5EB0012785A /* iOSEngineerCodeCheckUITests */,
				E1E8D8A528E87F1A000E5E98 /* iOSEngineerCodeCheckAppClips */,
				E1E8D8B628E87F1C000E5E98 /* iOSEngineerCodeCheckAppClipsTests */,
				E1E8D8C028E87F1C000E5E98 /* iOSEngineerCodeCheckAppClipsUITests */,
			);
		};
/* End PBXProject section */

/* Begin PBXResourcesBuildPhase section */
		BFD945D9244DC5E80012785A /* Resources */ = {
			isa = PBXResourcesBuildPhase;
			buildActionMask = 2147483647;
			files = (
				E1E8D8E828E992C2000E5E98 /* SearchRepositoryTableViewCell.xib in Resources */,
				BFD945EB244DC5EB0012785A /* LaunchScreen.storyboard in Resources */,
				BFD945E8244DC5EB0012785A /* Assets.xcassets in Resources */,
				E1C852F728E6C94F00F8B15F /* SearchRepositoryTableViewController.storyboard in Resources */,
				E114793828EA8E2E00AE3B20 /* ColorAssets.xcassets in Resources */,
				E145865528E6D5F700D1ED0E /* RepositoryDetailViewController.storyboard in Resources */,
			);
			runOnlyForDeploymentPostprocessing = 0;
		};
		BFD945EF244DC5EB0012785A /* Resources */ = {
			isa = PBXResourcesBuildPhase;
			buildActionMask = 2147483647;
			files = (
			);
			runOnlyForDeploymentPostprocessing = 0;
		};
		BFD945FA244DC5EB0012785A /* Resources */ = {
			isa = PBXResourcesBuildPhase;
			buildActionMask = 2147483647;
			files = (
			);
			runOnlyForDeploymentPostprocessing = 0;
		};
		E1E8D8A428E87F1A000E5E98 /* Resources */ = {
			isa = PBXResourcesBuildPhase;
			buildActionMask = 2147483647;
			files = (
				E1E8D8B028E87F1C000E5E98 /* Preview Assets.xcassets in Resources */,
				E1E8D8AD28E87F1C000E5E98 /* Assets.xcassets in Resources */,
			);
			runOnlyForDeploymentPostprocessing = 0;
		};
		E1E8D8B528E87F1C000E5E98 /* Resources */ = {
			isa = PBXResourcesBuildPhase;
			buildActionMask = 2147483647;
			files = (
			);
			runOnlyForDeploymentPostprocessing = 0;
		};
		E1E8D8BF28E87F1C000E5E98 /* Resources */ = {
			isa = PBXResourcesBuildPhase;
			buildActionMask = 2147483647;
			files = (
			);
			runOnlyForDeploymentPostprocessing = 0;
		};
/* End PBXResourcesBuildPhase section */

/* Begin PBXShellScriptBuildPhase section */
		E14B704328E46C47008B7318 /* ShellScript */ = {
			isa = PBXShellScriptBuildPhase;
			alwaysOutOfDate = 1;
			buildActionMask = 2147483647;
			files = (
			);
			inputFileListPaths = (
			);
			inputPaths = (
				"$TEMP_DIR/rswift-lastrun",
			);
			outputFileListPaths = (
			);
			outputPaths = (
				$SRCROOT/generated/R.generated.swift,
			);
			runOnlyForDeploymentPostprocessing = 0;
			shellPath = /bin/sh;
			shellScript = "export PATH=\"$PATH:/opt/homebrew/bin\"\n\nif which swiftlint >/dev/null; then\n  swiftlint autocorrect --format\n  swiftlint\nelse\n  echo \"warning: SwiftLint not installed, download from https://github.com/realm/SwiftLint\"\nfi\n\nif which rswift >/dev/null; then\n  rswift generate \"$SRCROOT/generated/R.generated.swift\"\nelse\n  echo \"warning: rswift not installed\"\nfi\n\n";
		};
/* End PBXShellScriptBuildPhase section */

/* Begin PBXSourcesBuildPhase section */
		BFD945D7244DC5E80012785A /* Sources */ = {
			isa = PBXSourcesBuildPhase;
			buildActionMask = 2147483647;
			files = (
				BFD945E3244DC5E80012785A /* SearchRepositoryTableViewController.swift in Sources */,
				E1C852F328E6905A00F8B15F /* SearchRepositoryModel.swift in Sources */,
				E1C852F528E6969800F8B15F /* SearchRepositoryPresenter.swift in Sources */,
				E1E8D8E328E97152000E5E98 /* R.generated.swift in Sources */,
				BF0A658D244F2A3B00280FA6 /* RepositoryDetailViewController.swift in Sources */,
				E1D3AAB728E5526F00A51E3F /* SearchRepository.swift in Sources */,
				E1E8D8E628E991C9000E5E98 /* SearchRepositoryTableViewCell.swift in Sources */,
				BFD945DF244DC5E80012785A /* AppDelegate.swift in Sources */,
				BFD945E1244DC5E80012785A /* SceneDelegate.swift in Sources */,
			);
			runOnlyForDeploymentPostprocessing = 0;
		};
		BFD945ED244DC5EB0012785A /* Sources */ = {
			isa = PBXSourcesBuildPhase;
			buildActionMask = 2147483647;
			files = (
				BFD945F6244DC5EB0012785A /* iOSEngineerCodeCheckTests.swift in Sources */,
			);
			runOnlyForDeploymentPostprocessing = 0;
		};
		BFD945F8244DC5EB0012785A /* Sources */ = {
			isa = PBXSourcesBuildPhase;
			buildActionMask = 2147483647;
			files = (
				BFD94601244DC5EC0012785A /* iOSEngineerCodeCheckUITests.swift in Sources */,
			);
			runOnlyForDeploymentPostprocessing = 0;
		};
		E1E8D8A228E87F1A000E5E98 /* Sources */ = {
			isa = PBXSourcesBuildPhase;
			buildActionMask = 2147483647;
			files = (
				E1E8D8AB28E87F1B000E5E98 /* ContentView.swift in Sources */,
				E1E8D8A928E87F1B000E5E98 /* iOSEngineerCodeCheckAppClipsApp.swift in Sources */,
			);
			runOnlyForDeploymentPostprocessing = 0;
		};
		E1E8D8B328E87F1C000E5E98 /* Sources */ = {
			isa = PBXSourcesBuildPhase;
			buildActionMask = 2147483647;
			files = (
				E1E8D8BC28E87F1C000E5E98 /* iOSEngineerCodeCheckAppClipsTests.swift in Sources */,
			);
			runOnlyForDeploymentPostprocessing = 0;
		};
		E1E8D8BD28E87F1C000E5E98 /* Sources */ = {
			isa = PBXSourcesBuildPhase;
			buildActionMask = 2147483647;
			files = (
				E1E8D8C628E87F1D000E5E98 /* iOSEngineerCodeCheckAppClipsUITests.swift in Sources */,
				E1E8D8C828E87F1D000E5E98 /* iOSEngineerCodeCheckAppClipsUITestsLaunchTests.swift in Sources */,
			);
			runOnlyForDeploymentPostprocessing = 0;
		};
/* End PBXSourcesBuildPhase section */

/* Begin PBXTargetDependency section */
		BFD945F3244DC5EB0012785A /* PBXTargetDependency */ = {
			isa = PBXTargetDependency;
			target = BFD945DA244DC5E80012785A /* iOSEngineerCodeCheck */;
			targetProxy = BFD945F2244DC5EB0012785A /* PBXContainerItemProxy */;
		};
		BFD945FE244DC5EB0012785A /* PBXTargetDependency */ = {
			isa = PBXTargetDependency;
			target = BFD945DA244DC5E80012785A /* iOSEngineerCodeCheck */;
			targetProxy = BFD945FD244DC5EB0012785A /* PBXContainerItemProxy */;
		};
		E1E8D8B928E87F1C000E5E98 /* PBXTargetDependency */ = {
			isa = PBXTargetDependency;
			target = E1E8D8A528E87F1A000E5E98 /* iOSEngineerCodeCheckAppClips */;
			targetProxy = E1E8D8B828E87F1C000E5E98 /* PBXContainerItemProxy */;
		};
		E1E8D8C328E87F1C000E5E98 /* PBXTargetDependency */ = {
			isa = PBXTargetDependency;
			target = E1E8D8A528E87F1A000E5E98 /* iOSEngineerCodeCheckAppClips */;
			targetProxy = E1E8D8C228E87F1C000E5E98 /* PBXContainerItemProxy */;
		};
		E1E8D8CA28E87F1D000E5E98 /* PBXTargetDependency */ = {
			isa = PBXTargetDependency;
			target = E1E8D8A528E87F1A000E5E98 /* iOSEngineerCodeCheckAppClips */;
			targetProxy = E1E8D8C928E87F1D000E5E98 /* PBXContainerItemProxy */;
		};
/* End PBXTargetDependency section */

/* Begin PBXVariantGroup section */
		BFD945E9244DC5EB0012785A /* LaunchScreen.storyboard */ = {
			isa = PBXVariantGroup;
			children = (
				BFD945EA244DC5EB0012785A /* Base */,
			);
			name = LaunchScreen.storyboard;
			sourceTree = "<group>";
		};
/* End PBXVariantGroup section */

/* Begin XCBuildConfiguration section */
		BFD94603244DC5EC0012785A /* Debug */ = {
			isa = XCBuildConfiguration;
			buildSettings = {
				ALWAYS_SEARCH_USER_PATHS = NO;
				CLANG_ANALYZER_NONNULL = YES;
				CLANG_ANALYZER_NUMBER_OBJECT_CONVERSION = YES_AGGRESSIVE;
				CLANG_CXX_LANGUAGE_STANDARD = "gnu++14";
				CLANG_CXX_LIBRARY = "libc++";
				CLANG_ENABLE_MODULES = YES;
				CLANG_ENABLE_OBJC_ARC = YES;
				CLANG_ENABLE_OBJC_WEAK = YES;
				CLANG_WARN_BLOCK_CAPTURE_AUTORELEASING = YES;
				CLANG_WARN_BOOL_CONVERSION = YES;
				CLANG_WARN_COMMA = YES;
				CLANG_WARN_CONSTANT_CONVERSION = YES;
				CLANG_WARN_DEPRECATED_OBJC_IMPLEMENTATIONS = YES;
				CLANG_WARN_DIRECT_OBJC_ISA_USAGE = YES_ERROR;
				CLANG_WARN_DOCUMENTATION_COMMENTS = YES;
				CLANG_WARN_EMPTY_BODY = YES;
				CLANG_WARN_ENUM_CONVERSION = YES;
				CLANG_WARN_INFINITE_RECURSION = YES;
				CLANG_WARN_INT_CONVERSION = YES;
				CLANG_WARN_NON_LITERAL_NULL_CONVERSION = YES;
				CLANG_WARN_OBJC_IMPLICIT_RETAIN_SELF = YES;
				CLANG_WARN_OBJC_LITERAL_CONVERSION = YES;
				CLANG_WARN_OBJC_ROOT_CLASS = YES_ERROR;
				CLANG_WARN_QUOTED_INCLUDE_IN_FRAMEWORK_HEADER = YES;
				CLANG_WARN_RANGE_LOOP_ANALYSIS = YES;
				CLANG_WARN_STRICT_PROTOTYPES = YES;
				CLANG_WARN_SUSPICIOUS_MOVE = YES;
				CLANG_WARN_UNGUARDED_AVAILABILITY = YES_AGGRESSIVE;
				CLANG_WARN_UNREACHABLE_CODE = YES;
				CLANG_WARN__DUPLICATE_METHOD_MATCH = YES;
				COPY_PHASE_STRIP = NO;
				DEBUG_INFORMATION_FORMAT = dwarf;
				ENABLE_STRICT_OBJC_MSGSEND = YES;
				ENABLE_TESTABILITY = YES;
				GCC_C_LANGUAGE_STANDARD = gnu11;
				GCC_DYNAMIC_NO_PIC = NO;
				GCC_NO_COMMON_BLOCKS = YES;
				GCC_OPTIMIZATION_LEVEL = 0;
				GCC_PREPROCESSOR_DEFINITIONS = (
					"DEBUG=1",
					"$(inherited)",
				);
				GCC_WARN_64_TO_32_BIT_CONVERSION = YES;
				GCC_WARN_ABOUT_RETURN_TYPE = YES_ERROR;
				GCC_WARN_UNDECLARED_SELECTOR = YES;
				GCC_WARN_UNINITIALIZED_AUTOS = YES_AGGRESSIVE;
				GCC_WARN_UNUSED_FUNCTION = YES;
				GCC_WARN_UNUSED_VARIABLE = YES;
				IPHONEOS_DEPLOYMENT_TARGET = 15.0;
				MTL_ENABLE_DEBUG_INFO = INCLUDE_SOURCE;
				MTL_FAST_MATH = YES;
				ONLY_ACTIVE_ARCH = YES;
				SDKROOT = iphoneos;
				SWIFT_ACTIVE_COMPILATION_CONDITIONS = DEBUG;
				SWIFT_OPTIMIZATION_LEVEL = "-Onone";
			};
			name = Debug;
		};
		BFD94604244DC5EC0012785A /* Release */ = {
			isa = XCBuildConfiguration;
			buildSettings = {
				ALWAYS_SEARCH_USER_PATHS = NO;
				CLANG_ANALYZER_NONNULL = YES;
				CLANG_ANALYZER_NUMBER_OBJECT_CONVERSION = YES_AGGRESSIVE;
				CLANG_CXX_LANGUAGE_STANDARD = "gnu++14";
				CLANG_CXX_LIBRARY = "libc++";
				CLANG_ENABLE_MODULES = YES;
				CLANG_ENABLE_OBJC_ARC = YES;
				CLANG_ENABLE_OBJC_WEAK = YES;
				CLANG_WARN_BLOCK_CAPTURE_AUTORELEASING = YES;
				CLANG_WARN_BOOL_CONVERSION = YES;
				CLANG_WARN_COMMA = YES;
				CLANG_WARN_CONSTANT_CONVERSION = YES;
				CLANG_WARN_DEPRECATED_OBJC_IMPLEMENTATIONS = YES;
				CLANG_WARN_DIRECT_OBJC_ISA_USAGE = YES_ERROR;
				CLANG_WARN_DOCUMENTATION_COMMENTS = YES;
				CLANG_WARN_EMPTY_BODY = YES;
				CLANG_WARN_ENUM_CONVERSION = YES;
				CLANG_WARN_INFINITE_RECURSION = YES;
				CLANG_WARN_INT_CONVERSION = YES;
				CLANG_WARN_NON_LITERAL_NULL_CONVERSION = YES;
				CLANG_WARN_OBJC_IMPLICIT_RETAIN_SELF = YES;
				CLANG_WARN_OBJC_LITERAL_CONVERSION = YES;
				CLANG_WARN_OBJC_ROOT_CLASS = YES_ERROR;
				CLANG_WARN_QUOTED_INCLUDE_IN_FRAMEWORK_HEADER = YES;
				CLANG_WARN_RANGE_LOOP_ANALYSIS = YES;
				CLANG_WARN_STRICT_PROTOTYPES = YES;
				CLANG_WARN_SUSPICIOUS_MOVE = YES;
				CLANG_WARN_UNGUARDED_AVAILABILITY = YES_AGGRESSIVE;
				CLANG_WARN_UNREACHABLE_CODE = YES;
				CLANG_WARN__DUPLICATE_METHOD_MATCH = YES;
				COPY_PHASE_STRIP = NO;
				DEBUG_INFORMATION_FORMAT = "dwarf-with-dsym";
				ENABLE_NS_ASSERTIONS = NO;
				ENABLE_STRICT_OBJC_MSGSEND = YES;
				GCC_C_LANGUAGE_STANDARD = gnu11;
				GCC_NO_COMMON_BLOCKS = YES;
				GCC_WARN_64_TO_32_BIT_CONVERSION = YES;
				GCC_WARN_ABOUT_RETURN_TYPE = YES_ERROR;
				GCC_WARN_UNDECLARED_SELECTOR = YES;
				GCC_WARN_UNINITIALIZED_AUTOS = YES_AGGRESSIVE;
				GCC_WARN_UNUSED_FUNCTION = YES;
				GCC_WARN_UNUSED_VARIABLE = YES;
				IPHONEOS_DEPLOYMENT_TARGET = 15.0;
				MTL_ENABLE_DEBUG_INFO = NO;
				MTL_FAST_MATH = YES;
				SDKROOT = iphoneos;
				SWIFT_COMPILATION_MODE = wholemodule;
				SWIFT_OPTIMIZATION_LEVEL = "-O";
				VALIDATE_PRODUCT = YES;
			};
			name = Release;
		};
		BFD94606244DC5EC0012785A /* Debug */ = {
			isa = XCBuildConfiguration;
			buildSettings = {
				ALWAYS_EMBED_SWIFT_STANDARD_LIBRARIES = YES;
				ASSETCATALOG_COMPILER_APPICON_NAME = AppIcon;
				CODE_SIGN_STYLE = Automatic;
				DEVELOPMENT_TEAM = XU74X3434S;
				INFOPLIST_FILE = iOSEngineerCodeCheck/Info.plist;
				LD_RUNPATH_SEARCH_PATHS = (
					"$(inherited)",
					"@executable_path/Frameworks",
				);
				PRODUCT_BUNDLE_IDENTIFIER = ml.mrs1669.iOSEngineerCodeCheck;
				PRODUCT_NAME = "$(TARGET_NAME)";
				SWIFT_VERSION = 5.0;
				TARGETED_DEVICE_FAMILY = "1,2";
			};
			name = Debug;
		};
		BFD94607244DC5EC0012785A /* Release */ = {
			isa = XCBuildConfiguration;
			buildSettings = {
				ALWAYS_EMBED_SWIFT_STANDARD_LIBRARIES = YES;
				ASSETCATALOG_COMPILER_APPICON_NAME = AppIcon;
				CODE_SIGN_STYLE = Automatic;
				DEVELOPMENT_TEAM = XU74X3434S;
				INFOPLIST_FILE = iOSEngineerCodeCheck/Info.plist;
				LD_RUNPATH_SEARCH_PATHS = (
					"$(inherited)",
					"@executable_path/Frameworks",
				);
				PRODUCT_BUNDLE_IDENTIFIER = ml.mrs1669.iOSEngineerCodeCheck;
				PRODUCT_NAME = "$(TARGET_NAME)";
				SWIFT_VERSION = 5.0;
				TARGETED_DEVICE_FAMILY = "1,2";
			};
			name = Release;
		};
		BFD94609244DC5EC0012785A /* Debug */ = {
			isa = XCBuildConfiguration;
			buildSettings = {
				ALWAYS_EMBED_SWIFT_STANDARD_LIBRARIES = YES;
				BUNDLE_LOADER = "$(TEST_HOST)";
				CODE_SIGN_STYLE = Automatic;
				DEVELOPMENT_TEAM = S7G9J68NLX;
				INFOPLIST_FILE = iOSEngineerCodeCheckTests/Info.plist;
				LD_RUNPATH_SEARCH_PATHS = (
					"$(inherited)",
					"@executable_path/Frameworks",
					"@loader_path/Frameworks",
				);
				PRODUCT_BUNDLE_IDENTIFIER = jp.yumemi.iOSEngineerCodeCheckTests;
				PRODUCT_NAME = "$(TARGET_NAME)";
				SWIFT_VERSION = 5.0;
				TARGETED_DEVICE_FAMILY = "1,2";
				TEST_HOST = "$(BUILT_PRODUCTS_DIR)/iOSEngineerCodeCheck.app/iOSEngineerCodeCheck";
			};
			name = Debug;
		};
		BFD9460A244DC5EC0012785A /* Release */ = {
			isa = XCBuildConfiguration;
			buildSettings = {
				ALWAYS_EMBED_SWIFT_STANDARD_LIBRARIES = YES;
				BUNDLE_LOADER = "$(TEST_HOST)";
				CODE_SIGN_STYLE = Automatic;
				DEVELOPMENT_TEAM = S7G9J68NLX;
				INFOPLIST_FILE = iOSEngineerCodeCheckTests/Info.plist;
				LD_RUNPATH_SEARCH_PATHS = (
					"$(inherited)",
					"@executable_path/Frameworks",
					"@loader_path/Frameworks",
				);
				PRODUCT_BUNDLE_IDENTIFIER = jp.yumemi.iOSEngineerCodeCheckTests;
				PRODUCT_NAME = "$(TARGET_NAME)";
				SWIFT_VERSION = 5.0;
				TARGETED_DEVICE_FAMILY = "1,2";
				TEST_HOST = "$(BUILT_PRODUCTS_DIR)/iOSEngineerCodeCheck.app/iOSEngineerCodeCheck";
			};
			name = Release;
		};
		BFD9460C244DC5EC0012785A /* Debug */ = {
			isa = XCBuildConfiguration;
			buildSettings = {
				ALWAYS_EMBED_SWIFT_STANDARD_LIBRARIES = YES;
				CODE_SIGN_STYLE = Automatic;
				DEVELOPMENT_TEAM = S7G9J68NLX;
				INFOPLIST_FILE = iOSEngineerCodeCheckUITests/Info.plist;
				LD_RUNPATH_SEARCH_PATHS = (
					"$(inherited)",
					"@executable_path/Frameworks",
					"@loader_path/Frameworks",
				);
				PRODUCT_BUNDLE_IDENTIFIER = jp.yumemi.iOSEngineerCodeCheckUITests;
				PRODUCT_NAME = "$(TARGET_NAME)";
				SWIFT_VERSION = 5.0;
				TARGETED_DEVICE_FAMILY = "1,2";
				TEST_TARGET_NAME = iOSEngineerCodeCheck;
			};
			name = Debug;
		};
		BFD9460D244DC5EC0012785A /* Release */ = {
			isa = XCBuildConfiguration;
			buildSettings = {
				ALWAYS_EMBED_SWIFT_STANDARD_LIBRARIES = YES;
				CODE_SIGN_STYLE = Automatic;
				DEVELOPMENT_TEAM = S7G9J68NLX;
				INFOPLIST_FILE = iOSEngineerCodeCheckUITests/Info.plist;
				LD_RUNPATH_SEARCH_PATHS = (
					"$(inherited)",
					"@executable_path/Frameworks",
					"@loader_path/Frameworks",
				);
				PRODUCT_BUNDLE_IDENTIFIER = jp.yumemi.iOSEngineerCodeCheckUITests;
				PRODUCT_NAME = "$(TARGET_NAME)";
				SWIFT_VERSION = 5.0;
				TARGETED_DEVICE_FAMILY = "1,2";
				TEST_TARGET_NAME = iOSEngineerCodeCheck;
			};
			name = Release;
		};
		E1E8D8CD28E87F1D000E5E98 /* Debug */ = {
			isa = XCBuildConfiguration;
			buildSettings = {
				ASSETCATALOG_COMPILER_APPICON_NAME = AppIcon;
				ASSETCATALOG_COMPILER_GLOBAL_ACCENT_COLOR_NAME = AccentColor;
				CLANG_CXX_LANGUAGE_STANDARD = "gnu++20";
				CODE_SIGN_ENTITLEMENTS = iOSEngineerCodeCheckAppClips/iOSEngineerCodeCheckAppClips.entitlements;
				CODE_SIGN_STYLE = Automatic;
				CURRENT_PROJECT_VERSION = 1;
				DEVELOPMENT_ASSET_PATHS = "\"iOSEngineerCodeCheckAppClips/Preview Content\"";
				DEVELOPMENT_TEAM = XU74X3434S;
				ENABLE_PREVIEWS = YES;
				GENERATE_INFOPLIST_FILE = YES;
				INFOPLIST_FILE = iOSEngineerCodeCheckAppClips/Info.plist;
				INFOPLIST_KEY_CFBundleDisplayName = iOSEngineerCodeCheck;
				INFOPLIST_KEY_UIApplicationSceneManifest_Generation = YES;
				INFOPLIST_KEY_UIApplicationSupportsIndirectInputEvents = YES;
				INFOPLIST_KEY_UILaunchScreen_Generation = YES;
				INFOPLIST_KEY_UISupportedInterfaceOrientations_iPad = "UIInterfaceOrientationPortrait UIInterfaceOrientationPortraitUpsideDown UIInterfaceOrientationLandscapeLeft UIInterfaceOrientationLandscapeRight";
				INFOPLIST_KEY_UISupportedInterfaceOrientations_iPhone = "UIInterfaceOrientationPortrait UIInterfaceOrientationLandscapeLeft UIInterfaceOrientationLandscapeRight";
				IPHONEOS_DEPLOYMENT_TARGET = 16.0;
				LD_RUNPATH_SEARCH_PATHS = (
					"$(inherited)",
					"@executable_path/Frameworks",
				);
				MARKETING_VERSION = 1.0;
				PRODUCT_BUNDLE_IDENTIFIER = ml.mrs1669.iOSEngineerCodeCheck.Clip;
				PRODUCT_NAME = "$(TARGET_NAME)";
				SWIFT_EMIT_LOC_STRINGS = YES;
				SWIFT_VERSION = 5.0;
				TARGETED_DEVICE_FAMILY = "1,2";
			};
			name = Debug;
		};
		E1E8D8CE28E87F1D000E5E98 /* Release */ = {
			isa = XCBuildConfiguration;
			buildSettings = {
				ASSETCATALOG_COMPILER_APPICON_NAME = AppIcon;
				ASSETCATALOG_COMPILER_GLOBAL_ACCENT_COLOR_NAME = AccentColor;
				CLANG_CXX_LANGUAGE_STANDARD = "gnu++20";
				CODE_SIGN_ENTITLEMENTS = iOSEngineerCodeCheckAppClips/iOSEngineerCodeCheckAppClips.entitlements;
				CODE_SIGN_STYLE = Automatic;
				CURRENT_PROJECT_VERSION = 1;
				DEVELOPMENT_ASSET_PATHS = "\"iOSEngineerCodeCheckAppClips/Preview Content\"";
				DEVELOPMENT_TEAM = XU74X3434S;
				ENABLE_PREVIEWS = YES;
				GENERATE_INFOPLIST_FILE = YES;
				INFOPLIST_FILE = iOSEngineerCodeCheckAppClips/Info.plist;
				INFOPLIST_KEY_CFBundleDisplayName = iOSEngineerCodeCheck;
				INFOPLIST_KEY_UIApplicationSceneManifest_Generation = YES;
				INFOPLIST_KEY_UIApplicationSupportsIndirectInputEvents = YES;
				INFOPLIST_KEY_UILaunchScreen_Generation = YES;
				INFOPLIST_KEY_UISupportedInterfaceOrientations_iPad = "UIInterfaceOrientationPortrait UIInterfaceOrientationPortraitUpsideDown UIInterfaceOrientationLandscapeLeft UIInterfaceOrientationLandscapeRight";
				INFOPLIST_KEY_UISupportedInterfaceOrientations_iPhone = "UIInterfaceOrientationPortrait UIInterfaceOrientationLandscapeLeft UIInterfaceOrientationLandscapeRight";
				IPHONEOS_DEPLOYMENT_TARGET = 16.0;
				LD_RUNPATH_SEARCH_PATHS = (
					"$(inherited)",
					"@executable_path/Frameworks",
				);
				MARKETING_VERSION = 1.0;
				PRODUCT_BUNDLE_IDENTIFIER = ml.mrs1669.iOSEngineerCodeCheck.Clip;
				PRODUCT_NAME = "$(TARGET_NAME)";
				SWIFT_EMIT_LOC_STRINGS = YES;
				SWIFT_VERSION = 5.0;
				TARGETED_DEVICE_FAMILY = "1,2";
			};
			name = Release;
		};
		E1E8D8CF28E87F1D000E5E98 /* Debug */ = {
			isa = XCBuildConfiguration;
			buildSettings = {
				ALWAYS_EMBED_SWIFT_STANDARD_LIBRARIES = YES;
				BUNDLE_LOADER = "$(TEST_HOST)";
				CLANG_CXX_LANGUAGE_STANDARD = "gnu++20";
				CODE_SIGN_STYLE = Automatic;
				CURRENT_PROJECT_VERSION = 1;
				DEVELOPMENT_TEAM = XU74X3434S;
				GENERATE_INFOPLIST_FILE = YES;
				IPHONEOS_DEPLOYMENT_TARGET = 16.0;
				MARKETING_VERSION = 1.0;
				PRODUCT_BUNDLE_IDENTIFIER = ml.mrs1669.iOSEngineerCodeCheck.iOSEngineerCodeCheckAppClipsTests;
				PRODUCT_NAME = "$(TARGET_NAME)";
				SWIFT_EMIT_LOC_STRINGS = NO;
				SWIFT_VERSION = 5.0;
				TARGETED_DEVICE_FAMILY = "1,2";
				TEST_HOST = "$(BUILT_PRODUCTS_DIR)/iOSEngineerCodeCheckAppClips.app/$(BUNDLE_EXECUTABLE_FOLDER_PATH)/iOSEngineerCodeCheckAppClips";
			};
			name = Debug;
		};
		E1E8D8D028E87F1D000E5E98 /* Release */ = {
			isa = XCBuildConfiguration;
			buildSettings = {
				ALWAYS_EMBED_SWIFT_STANDARD_LIBRARIES = YES;
				BUNDLE_LOADER = "$(TEST_HOST)";
				CLANG_CXX_LANGUAGE_STANDARD = "gnu++20";
				CODE_SIGN_STYLE = Automatic;
				CURRENT_PROJECT_VERSION = 1;
				DEVELOPMENT_TEAM = XU74X3434S;
				GENERATE_INFOPLIST_FILE = YES;
				IPHONEOS_DEPLOYMENT_TARGET = 16.0;
				MARKETING_VERSION = 1.0;
				PRODUCT_BUNDLE_IDENTIFIER = ml.mrs1669.iOSEngineerCodeCheck.iOSEngineerCodeCheckAppClipsTests;
				PRODUCT_NAME = "$(TARGET_NAME)";
				SWIFT_EMIT_LOC_STRINGS = NO;
				SWIFT_VERSION = 5.0;
				TARGETED_DEVICE_FAMILY = "1,2";
				TEST_HOST = "$(BUILT_PRODUCTS_DIR)/iOSEngineerCodeCheckAppClips.app/$(BUNDLE_EXECUTABLE_FOLDER_PATH)/iOSEngineerCodeCheckAppClips";
			};
			name = Release;
		};
		E1E8D8D128E87F1D000E5E98 /* Debug */ = {
			isa = XCBuildConfiguration;
			buildSettings = {
				ALWAYS_EMBED_SWIFT_STANDARD_LIBRARIES = YES;
				CLANG_CXX_LANGUAGE_STANDARD = "gnu++20";
				CODE_SIGN_STYLE = Automatic;
				CURRENT_PROJECT_VERSION = 1;
				DEVELOPMENT_TEAM = XU74X3434S;
				GENERATE_INFOPLIST_FILE = YES;
				IPHONEOS_DEPLOYMENT_TARGET = 16.0;
				MARKETING_VERSION = 1.0;
				PRODUCT_BUNDLE_IDENTIFIER = ml.mrs1669.iOSEngineerCodeCheck.iOSEngineerCodeCheckAppClipsUITests;
				PRODUCT_NAME = "$(TARGET_NAME)";
				SWIFT_EMIT_LOC_STRINGS = NO;
				SWIFT_VERSION = 5.0;
				TARGETED_DEVICE_FAMILY = "1,2";
				TEST_TARGET_NAME = iOSEngineerCodeCheckAppClips;
			};
			name = Debug;
		};
		E1E8D8D228E87F1D000E5E98 /* Release */ = {
			isa = XCBuildConfiguration;
			buildSettings = {
				ALWAYS_EMBED_SWIFT_STANDARD_LIBRARIES = YES;
				CLANG_CXX_LANGUAGE_STANDARD = "gnu++20";
				CODE_SIGN_STYLE = Automatic;
				CURRENT_PROJECT_VERSION = 1;
				DEVELOPMENT_TEAM = XU74X3434S;
				GENERATE_INFOPLIST_FILE = YES;
				IPHONEOS_DEPLOYMENT_TARGET = 16.0;
				MARKETING_VERSION = 1.0;
				PRODUCT_BUNDLE_IDENTIFIER = ml.mrs1669.iOSEngineerCodeCheck.iOSEngineerCodeCheckAppClipsUITests;
				PRODUCT_NAME = "$(TARGET_NAME)";
				SWIFT_EMIT_LOC_STRINGS = NO;
				SWIFT_VERSION = 5.0;
				TARGETED_DEVICE_FAMILY = "1,2";
				TEST_TARGET_NAME = iOSEngineerCodeCheckAppClips;
			};
			name = Release;
		};
/* End XCBuildConfiguration section */

/* Begin XCConfigurationList section */
		BFD945D6244DC5E80012785A /* Build configuration list for PBXProject "iOSEngineerCodeCheck" */ = {
			isa = XCConfigurationList;
			buildConfigurations = (
				BFD94603244DC5EC0012785A /* Debug */,
				BFD94604244DC5EC0012785A /* Release */,
			);
			defaultConfigurationIsVisible = 0;
			defaultConfigurationName = Release;
		};
		BFD94605244DC5EC0012785A /* Build configuration list for PBXNativeTarget "iOSEngineerCodeCheck" */ = {
			isa = XCConfigurationList;
			buildConfigurations = (
				BFD94606244DC5EC0012785A /* Debug */,
				BFD94607244DC5EC0012785A /* Release */,
			);
			defaultConfigurationIsVisible = 0;
			defaultConfigurationName = Release;
		};
		BFD94608244DC5EC0012785A /* Build configuration list for PBXNativeTarget "iOSEngineerCodeCheckTests" */ = {
			isa = XCConfigurationList;
			buildConfigurations = (
				BFD94609244DC5EC0012785A /* Debug */,
				BFD9460A244DC5EC0012785A /* Release */,
			);
			defaultConfigurationIsVisible = 0;
			defaultConfigurationName = Release;
		};
		BFD9460B244DC5EC0012785A /* Build configuration list for PBXNativeTarget "iOSEngineerCodeCheckUITests" */ = {
			isa = XCConfigurationList;
			buildConfigurations = (
				BFD9460C244DC5EC0012785A /* Debug */,
				BFD9460D244DC5EC0012785A /* Release */,
			);
			defaultConfigurationIsVisible = 0;
			defaultConfigurationName = Release;
		};
		E1E8D8D328E87F1D000E5E98 /* Build configuration list for PBXNativeTarget "iOSEngineerCodeCheckAppClips" */ = {
			isa = XCConfigurationList;
			buildConfigurations = (
				E1E8D8CD28E87F1D000E5E98 /* Debug */,
				E1E8D8CE28E87F1D000E5E98 /* Release */,
			);
			defaultConfigurationIsVisible = 0;
			defaultConfigurationName = Release;
		};
		E1E8D8D428E87F1D000E5E98 /* Build configuration list for PBXNativeTarget "iOSEngineerCodeCheckAppClipsTests" */ = {
			isa = XCConfigurationList;
			buildConfigurations = (
				E1E8D8CF28E87F1D000E5E98 /* Debug */,
				E1E8D8D028E87F1D000E5E98 /* Release */,
			);
			defaultConfigurationIsVisible = 0;
			defaultConfigurationName = Release;
		};
		E1E8D8D528E87F1D000E5E98 /* Build configuration list for PBXNativeTarget "iOSEngineerCodeCheckAppClipsUITests" */ = {
			isa = XCConfigurationList;
			buildConfigurations = (
				E1E8D8D128E87F1D000E5E98 /* Debug */,
				E1E8D8D228E87F1D000E5E98 /* Release */,
			);
			defaultConfigurationIsVisible = 0;
			defaultConfigurationName = Release;
		};
/* End XCConfigurationList section */

/* Begin XCRemoteSwiftPackageReference section */
		E1E8D8D628E95CB8000E5E98 /* XCRemoteSwiftPackageReference "R.swift" */ = {
			isa = XCRemoteSwiftPackageReference;
			repositoryURL = "https://github.com/mac-cain13/R.swift.Library";
			requirement = {
				branch = master;
				kind = branch;
			};
		};
/* End XCRemoteSwiftPackageReference section */

/* Begin XCSwiftPackageProductDependency section */
		E1E8D8D728E95CB8000E5E98 /* Rswift */ = {
			isa = XCSwiftPackageProductDependency;
			package = E1E8D8D628E95CB8000E5E98 /* XCRemoteSwiftPackageReference "R.swift" */;
			productName = Rswift;
		};
/* End XCSwiftPackageProductDependency section */
	};
	rootObject = BFD945D3244DC5E80012785A /* Project object */;
}
