{
  "pins" : [
    {
      "identity" : "r.swift.library",
      "kind" : "remoteSourceControl",
      "location" : "https://github.com/mac-cain13/R.swift.Library",
      "state" : {
        "branch" : "master",
        "revision" : "3a64127e8113cc33179504dfadc91b361d55a0b1"
      }
    }
  ],
  "version" : 2
}
